<Solution>
  <Folder Name="/src/">
    <Project Path="src/Examples.DependencyInjection.Extensions.Tests/Examples.DependencyInjection.Extensions.Tests.csproj" />
    <Project Path="src/Examples.DependencyInjection.Mef.Tests/Examples.DependencyInjection.Mef.Tests.csproj" />
    <Project Path="src/Examples.DependencyInjection.Tests/Examples.DependencyInjection.Tests.csproj" />
    <Project Path="src/Examples.DependencyInjection/Examples.DependencyInjection.csproj" />
  </Folder>
</Solution>
